
Microsoft Visual Studio Solution File, Format Version 12.00
# Visual Studio 15
VisualStudioVersion = 15.0.27428.2043
MinimumVisualStudioVersion = 10.0.40219.1
Project("{9A19103F-16F7-4668-BE54-9A1E7A4F7556}") = "floodband", "floodband.csproj", "{992DFB59-DB9F-49DF-AAEF-A9A224C828AF}"
EndProject
Global
	GlobalSection(SolutionConfigurationPlatforms) = preSolution
		Debug|Any CPU = Debug|Any CPU
		Release|Any CPU = Release|Any CPU
	EndGlobalSection
	GlobalSection(ProjectConfigurationPlatforms) = postSolution
		{992DFB59-DB9F-49DF-AAEF-A9A224C828AF}.Debug|Any CPU.ActiveCfg = Debug|Any CPU
		{992DFB59-DB9F-49DF-AAEF-A9A224C828AF}.Debug|Any CPU.Build.0 = Debug|Any CPU
		{992DFB59-DB9F-49DF-AAEF-A9A224C828AF}.Release|Any CPU.ActiveCfg = Release|Any CPU
		{992DFB59-DB9F-49DF-AAEF-A9A224C828AF}.Release|Any CPU.Build.0 = Release|Any CPU
	EndGlobalSection
	GlobalSection(SolutionProperties) = preSolution
		HideSolutionNode = FALSE
	EndGlobalSection
	GlobalSection(ExtensibilityGlobals) = postSolution
		SolutionGuid = {4557F272-33A0-4113-BFEE-0F1DAA3C2F93}
	EndGlobalSection
EndGlobal
